// !$*UTF8*$!
{
	archiveVersion = 1;
	classes = {
	};
	objectVersion = 56;
	objects = {

/* Begin PBXBuildFile section */
		CF3C4A492D127DB8004A7A2F /* biubiubiuApp.swift in Sources */ = {isa = PBXBuildFile; fileRef = CF3C4A482D127DB8004A7A2F /* biubiubiuApp.swift */; };
		CF3C4A4B2D127DB8004A7A2F /* ContentView.swift in Sources */ = {isa = PBXBuildFile; fileRef = CF3C4A4A2D127DB8004A7A2F /* ContentView.swift */; };
		CF3C4A4D2D127DBB004A7A2F /* Assets.xcassets in Resources */ = {isa = PBXBuildFile; fileRef = CF3C4A4C2D127DBB004A7A2F /* Assets.xcassets */; };
		CF3C4A502D127DBB004A7A2F /* Preview Assets.xcassets in Resources */ = {isa = PBXBuildFile; fileRef = CF3C4A4F2D127DBB004A7A2F /* Preview Assets.xcassets */; };
		CF3C4A562D127DBB004A7A2F /* biubiubiu Watch App.app in Embed Watch Content */ = {isa = PBXBuildFile; fileRef = CF3C4A552D127DBB004A7A2F /* biubiubiu Watch App.app */; settings = {ATTRIBUTES = (RemoveHeadersOnCopy, ); }; };
		CF3C4A5B2D127DBB004A7A2F /* biubiubiuApp.swift in Sources */ = {isa = PBXBuildFile; fileRef = CF3C4A5A2D127DBB004A7A2F /* biubiubiuApp.swift */; };
		CF3C4A5D2D127DBB004A7A2F /* BiuView.swift in Sources */ = {isa = PBXBuildFile; fileRef = CF3C4A5C2D127DBB004A7A2F /* BiuView.swift */; };
		CF3C4A5F2D127DBC004A7A2F /* Assets.xcassets in Resources */ = {isa = PBXBuildFile; fileRef = CF3C4A5E2D127DBC004A7A2F /* Assets.xcassets */; };
		CF3C4A622D127DBC004A7A2F /* Preview Assets.xcassets in Resources */ = {isa = PBXBuildFile; fileRef = CF3C4A612D127DBC004A7A2F /* Preview Assets.xcassets */; };
		CF3C4A6F2D1280AC004A7A2F /* MotionController.swift in Sources */ = {isa = PBXBuildFile; fileRef = CF3C4A6E2D1280AC004A7A2F /* MotionController.swift */; };
		CFB382BE2D132A24007D90B1 /* biubiubiu.mp3 in Resources */ = {isa = PBXBuildFile; fileRef = CFB382BD2D132A24007D90B1 /* biubiubiu.mp3 */; };
		CFB382C02D132BBE007D90B1 /* kaca.mp3 in Resources */ = {isa = PBXBuildFile; fileRef = CFB382BF2D132BBE007D90B1 /* kaca.mp3 */; };
		CFB382C22D132F9C007D90B1 /* bong.mp3 in Resources */ = {isa = PBXBuildFile; fileRef = CFB382C12D132F9C007D90B1 /* bong.mp3 */; };
		CFB382C42D133251007D90B1 /* diu.mp3 in Resources */ = {isa = PBXBuildFile; fileRef = CFB382C32D133251007D90B1 /* diu.mp3 */; };
		CFB382C62D133265007D90B1 /* shui.mp3 in Resources */ = {isa = PBXBuildFile; fileRef = CFB382C52D133265007D90B1 /* shui.mp3 */; };
		CFBD5DB12D13E63E009875AA /* FishView.swift in Sources */ = {isa = PBXBuildFile; fileRef = CFBD5DB02D13E63E009875AA /* FishView.swift */; };
		CFBD5DB32D13EDCA009875AA /* SoundManager.swift in Sources */ = {isa = PBXBuildFile; fileRef = CFBD5DB22D13EDCA009875AA /* SoundManager.swift */; };
/* End PBXBuildFile section */

/* Begin PBXContainerItemProxy section */
		CF3C4A572D127DBB004A7A2F /* PBXContainerItemProxy */ = {
			isa = PBXContainerItemProxy;
			containerPortal = CF3C4A3D2D127DB8004A7A2F /* Project object */;
			proxyType = 1;
			remoteGlobalIDString = CF3C4A542D127DBB004A7A2F;
			remoteInfo = "biubiubiu Watch App";
		};
/* End PBXContainerItemProxy section */

/* Begin PBXCopyFilesBuildPhase section */
		CF3C4A682D127DBC004A7A2F /* Embed Watch Content */ = {
			isa = PBXCopyFilesBuildPhase;
			buildActionMask = 2147483647;
			dstPath = "$(CONTENTS_FOLDER_PATH)/Watch";
			dstSubfolderSpec = 16;
			files = (
				CF3C4A562D127DBB004A7A2F /* biubiubiu Watch App.app in Embed Watch Content */,
			);
			name = "Embed Watch Content";
			runOnlyForDeploymentPostprocessing = 0;
		};
/* End PBXCopyFilesBuildPhase section */

/* Begin PBXFileReference section */
		CF3C4A452D127DB8004A7A2F /* biubiubiu.app */ = {isa = PBXFileReference; explicitFileType = wrapper.application; includeInIndex = 0; path = biubiubiu.app; sourceTree = BUILT_PRODUCTS_DIR; };
		CF3C4A482D127DB8004A7A2F /* biubiubiuApp.swift */ = {isa = PBXFileReference; lastKnownFileType = sourcecode.swift; path = biubiubiuApp.swift; sourceTree = "<group>"; };
		CF3C4A4A2D127DB8004A7A2F /* ContentView.swift */ = {isa = PBXFileReference; lastKnownFileType = sourcecode.swift; path = ContentView.swift; sourceTree = "<group>"; };
		CF3C4A4C2D127DBB004A7A2F /* Assets.xcassets */ = {isa = PBXFileReference; lastKnownFileType = folder.assetcatalog; path = Assets.xcassets; sourceTree = "<group>"; };
		CF3C4A4F2D127DBB004A7A2F /* Preview Assets.xcassets */ = {isa = PBXFileReference; lastKnownFileType = folder.assetcatalog; path = "Preview Assets.xcassets"; sourceTree = "<group>"; };
		CF3C4A552D127DBB004A7A2F /* biubiubiu Watch App.app */ = {isa = PBXFileReference; explicitFileType = wrapper.application; includeInIndex = 0; path = "biubiubiu Watch App.app"; sourceTree = BUILT_PRODUCTS_DIR; };
		CF3C4A5A2D127DBB004A7A2F /* biubiubiuApp.swift */ = {isa = PBXFileReference; lastKnownFileType = sourcecode.swift; path = biubiubiuApp.swift; sourceTree = "<group>"; };
		CF3C4A5C2D127DBB004A7A2F /* BiuView.swift */ = {isa = PBXFileReference; lastKnownFileType = sourcecode.swift; path = BiuView.swift; sourceTree = "<group>"; };
		CF3C4A5E2D127DBC004A7A2F /* Assets.xcassets */ = {isa = PBXFileReference; lastKnownFileType = folder.assetcatalog; path = Assets.xcassets; sourceTree = "<group>"; };
		CF3C4A612D127DBC004A7A2F /* Preview Assets.xcassets */ = {isa = PBXFileReference; lastKnownFileType = folder.assetcatalog; path = "Preview Assets.xcassets"; sourceTree = "<group>"; };
		CF3C4A6E2D1280AC004A7A2F /* MotionController.swift */ = {isa = PBXFileReference; lastKnownFileType = sourcecode.swift; path = MotionController.swift; sourceTree = "<group>"; };
		CFB382BD2D132A24007D90B1 /* biubiubiu.mp3 */ = {isa = PBXFileReference; lastKnownFileType = audio.mp3; path = biubiubiu.mp3; sourceTree = "<group>"; };
		CFB382BF2D132BBE007D90B1 /* kaca.mp3 */ = {isa = PBXFileReference; lastKnownFileType = audio.mp3; path = kaca.mp3; sourceTree = "<group>"; };
		CFB382C12D132F9C007D90B1 /* bong.mp3 */ = {isa = PBXFileReference; lastKnownFileType = audio.mp3; path = bong.mp3; sourceTree = "<group>"; };
		CFB382C32D133251007D90B1 /* diu.mp3 */ = {isa = PBXFileReference; lastKnownFileType = audio.mp3; path = diu.mp3; sourceTree = "<group>"; };
		CFB382C52D133265007D90B1 /* shui.mp3 */ = {isa = PBXFileReference; lastKnownFileType = audio.mp3; path = shui.mp3; sourceTree = "<group>"; };
		CFBD5DB02D13E63E009875AA /* FishView.swift */ = {isa = PBXFileReference; lastKnownFileType = sourcecode.swift; path = FishView.swift; sourceTree = "<group>"; };
		CFBD5DB22D13EDCA009875AA /* SoundManager.swift */ = {isa = PBXFileReference; lastKnownFileType = sourcecode.swift; path = SoundManager.swift; sourceTree = "<group>"; };
/* End PBXFileReference section */

/* Begin PBXFrameworksBuildPhase section */
		CF3C4A422D127DB8004A7A2F /* Frameworks */ = {
			isa = PBXFrameworksBuildPhase;
			buildActionMask = 2147483647;
			files = (
			);
			runOnlyForDeploymentPostprocessing = 0;
		};
		CF3C4A522D127DBB004A7A2F /* Frameworks */ = {
			isa = PBXFrameworksBuildPhase;
			buildActionMask = 2147483647;
			files = (
			);
			runOnlyForDeploymentPostprocessing = 0;
		};
/* End PBXFrameworksBuildPhase section */

/* Begin PBXGroup section */
		CF3C4A3C2D127DB8004A7A2F = {
			isa = PBXGroup;
			children = (
				CF3C4A472D127DB8004A7A2F /* biubiubiu */,
				CF3C4A592D127DBB004A7A2F /* biubiubiu Watch App */,
				CF3C4A462D127DB8004A7A2F /* Products */,
			);
			sourceTree = "<group>";
		};
		CF3C4A462D127DB8004A7A2F /* Products */ = {
			isa = PBXGroup;
			children = (
				CF3C4A452D127DB8004A7A2F /* biubiubiu.app */,
				CF3C4A552D127DBB004A7A2F /* biubiubiu Watch App.app */,
			);
			name = Products;
			sourceTree = "<group>";
		};
		CF3C4A472D127DB8004A7A2F /* biubiubiu */ = {
			isa = PBXGroup;
			children = (
				CF3C4A482D127DB8004A7A2F /* biubiubiuApp.swift */,
				CF3C4A4A2D127DB8004A7A2F /* ContentView.swift */,
				CF3C4A4C2D127DBB004A7A2F /* Assets.xcassets */,
				CF3C4A4E2D127DBB004A7A2F /* Preview Content */,
			);
			path = biubiubiu;
			sourceTree = "<group>";
		};
		CF3C4A4E2D127DBB004A7A2F /* Preview Content */ = {
			isa = PBXGroup;
			children = (
				CF3C4A4F2D127DBB004A7A2F /* Preview Assets.xcassets */,
			);
			path = "Preview Content";
			sourceTree = "<group>";
		};
		CF3C4A592D127DBB004A7A2F /* biubiubiu Watch App */ = {
			isa = PBXGroup;
			children = (
				CFB382BC2D1329C6007D90B1 /* sound */,
				CF3C4A5E2D127DBC004A7A2F /* Assets.xcassets */,
				CF3C4A602D127DBC004A7A2F /* Preview Content */,
				CF3C4A5A2D127DBB004A7A2F /* biubiubiuApp.swift */,
				CFBD5DB02D13E63E009875AA /* FishView.swift */,
				CF3C4A5C2D127DBB004A7A2F /* BiuView.swift */,
				CFBD5DB22D13EDCA009875AA /* SoundManager.swift */,
				CF3C4A6E2D1280AC004A7A2F /* MotionController.swift */,
			);
			path = "biubiubiu Watch App";
			sourceTree = "<group>";
		};
		CF3C4A602D127DBC004A7A2F /* Preview Content */ = {
			isa = PBXGroup;
			children = (
				CF3C4A612D127DBC004A7A2F /* Preview Assets.xcassets */,
			);
			path = "Preview Content";
			sourceTree = "<group>";
		};
		CFB382BC2D1329C6007D90B1 /* sound */ = {
			isa = PBXGroup;
			children = (
				CFB382C52D133265007D90B1 /* shui.mp3 */,
				CFB382C32D133251007D90B1 /* diu.mp3 */,
				CFB382C12D132F9C007D90B1 /* bong.mp3 */,
				CFB382BF2D132BBE007D90B1 /* kaca.mp3 */,
				CFB382BD2D132A24007D90B1 /* biubiubiu.mp3 */,
			);
			path = sound;
			sourceTree = "<group>";
		};
/* End PBXGroup section */

/* Begin PBXNativeTarget section */
		CF3C4A442D127DB8004A7A2F /* biubiubiu */ = {
			isa = PBXNativeTarget;
			buildConfigurationList = CF3C4A692D127DBC004A7A2F /* Build configuration list for PBXNativeTarget "biubiubiu" */;
			buildPhases = (
				CF3C4A412D127DB8004A7A2F /* Sources */,
				CF3C4A422D127DB8004A7A2F /* Frameworks */,
				CF3C4A432D127DB8004A7A2F /* Resources */,
				CF3C4A682D127DBC004A7A2F /* Embed Watch Content */,
			);
			buildRules = (
			);
			dependencies = (
				CF3C4A582D127DBB004A7A2F /* PBXTargetDependency */,
			);
			name = biubiubiu;
			productName = biubiubiu;
			productReference = CF3C4A452D127DB8004A7A2F /* biubiubiu.app */;
			productType = "com.apple.product-type.application";
		};
		CF3C4A542D127DBB004A7A2F /* biubiubiu Watch App */ = {
			isa = PBXNativeTarget;
			buildConfigurationList = CF3C4A652D127DBC004A7A2F /* Build configuration list for PBXNativeTarget "biubiubiu Watch App" */;
			buildPhases = (
				CF3C4A512D127DBB004A7A2F /* Sources */,
				CF3C4A522D127DBB004A7A2F /* Frameworks */,
				CF3C4A532D127DBB004A7A2F /* Resources */,
			);
			buildRules = (
			);
			dependencies = (
			);
			name = "biubiubiu Watch App";
			productName = "biubiubiu Watch App";
			productReference = CF3C4A552D127DBB004A7A2F /* biubiubiu Watch App.app */;
			productType = "com.apple.product-type.application";
		};
/* End PBXNativeTarget section */

/* Begin PBXProject section */
		CF3C4A3D2D127DB8004A7A2F /* Project object */ = {
			isa = PBXProject;
			attributes = {
				BuildIndependentTargetsInParallel = 1;
				LastSwiftUpdateCheck = 1540;
				LastUpgradeCheck = 1540;
				TargetAttributes = {
					CF3C4A442D127DB8004A7A2F = {
						CreatedOnToolsVersion = 15.4;
					};
					CF3C4A542D127DBB004A7A2F = {
						CreatedOnToolsVersion = 15.4;
					};
				};
			};
			buildConfigurationList = CF3C4A402D127DB8004A7A2F /* Build configuration list for PBXProject "biubiubiu" */;
			compatibilityVersion = "Xcode 14.0";
			developmentRegion = en;
			hasScannedForEncodings = 0;
			knownRegions = (
				en,
				Base,
			);
			mainGroup = CF3C4A3C2D127DB8004A7A2F;
			productRefGroup = CF3C4A462D127DB8004A7A2F /* Products */;
			projectDirPath = "";
			projectRoot = "";
			targets = (
				CF3C4A442D127DB8004A7A2F /* biubiubiu */,
				CF3C4A542D127DBB004A7A2F /* biubiubiu Watch App */,
			);
		};
/* End PBXProject section */

/* Begin PBXResourcesBuildPhase section */
		CF3C4A432D127DB8004A7A2F /* Resources */ = {
			isa = PBXResourcesBuildPhase;
			buildActionMask = 2147483647;
			files = (
				CF3C4A502D127DBB004A7A2F /* Preview Assets.xcassets in Resources */,
				CF3C4A4D2D127DBB004A7A2F /* Assets.xcassets in Resources */,
			);
			runOnlyForDeploymentPostprocessing = 0;
		};
		CF3C4A532D127DBB004A7A2F /* Resources */ = {
			isa = PBXResourcesBuildPhase;
			buildActionMask = 2147483647;
			files = (
				CFB382C42D133251007D90B1 /* diu.mp3 in Resources */,
				CFB382C02D132BBE007D90B1 /* kaca.mp3 in Resources */,
				CF3C4A622D127DBC004A7A2F /* Preview Assets.xcassets in Resources */,
				CF3C4A5F2D127DBC004A7A2F /* Assets.xcassets in Resources */,
				CFB382C62D133265007D90B1 /* shui.mp3 in Resources */,
				CFB382C22D132F9C007D90B1 /* bong.mp3 in Resources */,
				CFB382BE2D132A24007D90B1 /* biubiubiu.mp3 in Resources */,
			);
			runOnlyForDeploymentPostprocessing = 0;
		};
/* End PBXResourcesBuildPhase section */

/* Begin PBXSourcesBuildPhase section */
		CF3C4A412D127DB8004A7A2F /* Sources */ = {
			isa = PBXSourcesBuildPhase;
			buildActionMask = 2147483647;
			files = (
				CF3C4A4B2D127DB8004A7A2F /* ContentView.swift in Sources */,
				CF3C4A492D127DB8004A7A2F /* biubiubiuApp.swift in Sources */,
			);
			runOnlyForDeploymentPostprocessing = 0;
		};
		CF3C4A512D127DBB004A7A2F /* Sources */ = {
			isa = PBXSourcesBuildPhase;
			buildActionMask = 2147483647;
			files = (
				CF3C4A5D2D127DBB004A7A2F /* BiuView.swift in Sources */,
				CFBD5DB12D13E63E009875AA /* FishView.swift in Sources */,
				CF3C4A5B2D127DBB004A7A2F /* biubiubiuApp.swift in Sources */,
				CF3C4A6F2D1280AC004A7A2F /* MotionController.swift in Sources */,
				CFBD5DB32D13EDCA009875AA /* SoundManager.swift in Sources */,
			);
			runOnlyForDeploymentPostprocessing = 0;
		};
/* End PBXSourcesBuildPhase section */

/* Begin PBXTargetDependency section */
		CF3C4A582D127DBB004A7A2F /* PBXTargetDependency */ = {
			isa = PBXTargetDependency;
			target = CF3C4A542D127DBB004A7A2F /* biubiubiu Watch App */;
			targetProxy = CF3C4A572D127DBB004A7A2F /* PBXContainerItemProxy */;
		};
/* End PBXTargetDependency section */

/* Begin XCBuildConfiguration section */
		CF3C4A632D127DBC004A7A2F /* Debug */ = {
			isa = XCBuildConfiguration;
			buildSettings = {
				ALWAYS_SEARCH_USER_PATHS = NO;
				ASSETCATALOG_COMPILER_GENERATE_SWIFT_ASSET_SYMBOL_EXTENSIONS = YES;
				CLANG_ANALYZER_NONNULL = YES;
				CLANG_ANALYZER_NUMBER_OBJECT_CONVERSION = YES_AGGRESSIVE;
				CLANG_CXX_LANGUAGE_STANDARD = "gnu++20";
				CLANG_ENABLE_MODULES = YES;
				CLANG_ENABLE_OBJC_ARC = YES;
				CLANG_ENABLE_OBJC_WEAK = YES;
				CLANG_WARN_BLOCK_CAPTURE_AUTORELEASING = YES;
				CLANG_WARN_BOOL_CONVERSION = YES;
				CLANG_WARN_COMMA = YES;
				CLANG_WARN_CONSTANT_CONVERSION = YES;
				CLANG_WARN_DEPRECATED_OBJC_IMPLEMENTATIONS = YES;
				CLANG_WARN_DIRECT_OBJC_ISA_USAGE = YES_ERROR;
				CLANG_WARN_DOCUMENTATION_COMMENTS = YES;
				CLANG_WARN_EMPTY_BODY = YES;
				CLANG_WARN_ENUM_CONVERSION = YES;
				CLANG_WARN_INFINITE_RECURSION = YES;
				CLANG_WARN_INT_CONVERSION = YES;
				CLANG_WARN_NON_LITERAL_NULL_CONVERSION = YES;
				CLANG_WARN_OBJC_IMPLICIT_RETAIN_SELF = YES;
				CLANG_WARN_OBJC_LITERAL_CONVERSION = YES;
				CLANG_WARN_OBJC_ROOT_CLASS = YES_ERROR;
				CLANG_WARN_QUOTED_INCLUDE_IN_FRAMEWORK_HEADER = YES;
				CLANG_WARN_RANGE_LOOP_ANALYSIS = YES;
				CLANG_WARN_STRICT_PROTOTYPES = YES;
				CLANG_WARN_SUSPICIOUS_MOVE = YES;
				CLANG_WARN_UNGUARDED_AVAILABILITY = YES_AGGRESSIVE;
				CLANG_WARN_UNREACHABLE_CODE = YES;
				CLANG_WARN__DUPLICATE_METHOD_MATCH = YES;
				COPY_PHASE_STRIP = NO;
				DEBUG_INFORMATION_FORMAT = dwarf;
				ENABLE_STRICT_OBJC_MSGSEND = YES;
				ENABLE_TESTABILITY = YES;
				ENABLE_USER_SCRIPT_SANDBOXING = YES;
				GCC_C_LANGUAGE_STANDARD = gnu17;
				GCC_DYNAMIC_NO_PIC = NO;
				GCC_NO_COMMON_BLOCKS = YES;
				GCC_OPTIMIZATION_LEVEL = 0;
				GCC_PREPROCESSOR_DEFINITIONS = (
					"DEBUG=1",
					"$(inherited)",
				);
				GCC_WARN_64_TO_32_BIT_CONVERSION = YES;
				GCC_WARN_ABOUT_RETURN_TYPE = YES_ERROR;
				GCC_WARN_UNDECLARED_SELECTOR = YES;
				GCC_WARN_UNINITIALIZED_AUTOS = YES_AGGRESSIVE;
				GCC_WARN_UNUSED_FUNCTION = YES;
				GCC_WARN_UNUSED_VARIABLE = YES;
				LOCALIZATION_PREFERS_STRING_CATALOGS = YES;
				MTL_ENABLE_DEBUG_INFO = INCLUDE_SOURCE;
				MTL_FAST_MATH = YES;
				ONLY_ACTIVE_ARCH = YES;
				SWIFT_ACTIVE_COMPILATION_CONDITIONS = "DEBUG $(inherited)";
				SWIFT_OPTIMIZATION_LEVEL = "-Onone";
			};
			name = Debug;
		};
		CF3C4A642D127DBC004A7A2F /* Release */ = {
			isa = XCBuildConfiguration;
			buildSettings = {
				ALWAYS_SEARCH_USER_PATHS = NO;
				ASSETCATALOG_COMPILER_GENERATE_SWIFT_ASSET_SYMBOL_EXTENSIONS = YES;
				CLANG_ANALYZER_NONNULL = YES;
				CLANG_ANALYZER_NUMBER_OBJECT_CONVERSION = YES_AGGRESSIVE;
				CLANG_CXX_LANGUAGE_STANDARD = "gnu++20";
				CLANG_ENABLE_MODULES = YES;
				CLANG_ENABLE_OBJC_ARC = YES;
				CLANG_ENABLE_OBJC_WEAK = YES;
				CLANG_WARN_BLOCK_CAPTURE_AUTORELEASING = YES;
				CLANG_WARN_BOOL_CONVERSION = YES;
				CLANG_WARN_COMMA = YES;
				CLANG_WARN_CONSTANT_CONVERSION = YES;
				CLANG_WARN_DEPRECATED_OBJC_IMPLEMENTATIONS = YES;
				CLANG_WARN_DIRECT_OBJC_ISA_USAGE = YES_ERROR;
				CLANG_WARN_DOCUMENTATION_COMMENTS = YES;
				CLANG_WARN_EMPTY_BODY = YES;
				CLANG_WARN_ENUM_CONVERSION = YES;
				CLANG_WARN_INFINITE_RECURSION = YES;
				CLANG_WARN_INT_CONVERSION = YES;
				CLANG_WARN_NON_LITERAL_NULL_CONVERSION = YES;
				CLANG_WARN_OBJC_IMPLICIT_RETAIN_SELF = YES;
				CLANG_WARN_OBJC_LITERAL_CONVERSION = YES;
				CLANG_WARN_OBJC_ROOT_CLASS = YES_ERROR;
				CLANG_WARN_QUOTED_INCLUDE_IN_FRAMEWORK_HEADER = YES;
				CLANG_WARN_RANGE_LOOP_ANALYSIS = YES;
				CLANG_WARN_STRICT_PROTOTYPES = YES;
				CLANG_WARN_SUSPICIOUS_MOVE = YES;
				CLANG_WARN_UNGUARDED_AVAILABILITY = YES_AGGRESSIVE;
				CLANG_WARN_UNREACHABLE_CODE = YES;
				CLANG_WARN__DUPLICATE_METHOD_MATCH = YES;
				COPY_PHASE_STRIP = NO;
				DEBUG_INFORMATION_FORMAT = "dwarf-with-dsym";
				ENABLE_NS_ASSERTIONS = NO;
				ENABLE_STRICT_OBJC_MSGSEND = YES;
				ENABLE_USER_SCRIPT_SANDBOXING = YES;
				GCC_C_LANGUAGE_STANDARD = gnu17;
				GCC_NO_COMMON_BLOCKS = YES;
				GCC_WARN_64_TO_32_BIT_CONVERSION = YES;
				GCC_WARN_ABOUT_RETURN_TYPE = YES_ERROR;
				GCC_WARN_UNDECLARED_SELECTOR = YES;
				GCC_WARN_UNINITIALIZED_AUTOS = YES_AGGRESSIVE;
				GCC_WARN_UNUSED_FUNCTION = YES;
				GCC_WARN_UNUSED_VARIABLE = YES;
				LOCALIZATION_PREFERS_STRING_CATALOGS = YES;
				MTL_ENABLE_DEBUG_INFO = NO;
				MTL_FAST_MATH = YES;
				SWIFT_COMPILATION_MODE = wholemodule;
			};
			name = Release;
		};
		CF3C4A662D127DBC004A7A2F /* Debug */ = {
			isa = XCBuildConfiguration;
			buildSettings = {
				ASSETCATALOG_COMPILER_APPICON_NAME = AppIcon;
				ASSETCATALOG_COMPILER_GLOBAL_ACCENT_COLOR_NAME = AccentColor;
				CODE_SIGN_STYLE = Automatic;
				CURRENT_PROJECT_VERSION = 1;
				DEVELOPMENT_ASSET_PATHS = "\"biubiubiu Watch App/Preview Content\"";
				DEVELOPMENT_TEAM = QTD33HXD54;
				ENABLE_PREVIEWS = YES;
				GENERATE_INFOPLIST_FILE = YES;
				INFOPLIST_KEY_CFBundleDisplayName = biubiubiu;
				INFOPLIST_KEY_UISupportedInterfaceOrientations = "UIInterfaceOrientationPortrait UIInterfaceOrientationPortraitUpsideDown";
				INFOPLIST_KEY_WKCompanionAppBundleIdentifier = lismin.biubiubiu;
				LD_RUNPATH_SEARCH_PATHS = (
					"$(inherited)",
					"@executable_path/Frameworks",
				);
				MARKETING_VERSION = 1.0;
				PRODUCT_BUNDLE_IDENTIFIER = lismin.biubiubiu.watchkitapp;
				PRODUCT_NAME = "$(TARGET_NAME)";
				SDKROOT = watchos;
				SKIP_INSTALL = YES;
				SWIFT_EMIT_LOC_STRINGS = YES;
				SWIFT_VERSION = 5.0;
				TARGETED_DEVICE_FAMILY = 4;
				WATCHOS_DEPLOYMENT_TARGET = 10.5;
			};
			name = Debug;
		};
		CF3C4A672D127DBC004A7A2F /* Release */ = {
			isa = XCBuildConfiguration;
			buildSettings = {
				ASSETCATALOG_COMPILER_APPICON_NAME = AppIcon;
				ASSETCATALOG_COMPILER_GLOBAL_ACCENT_COLOR_NAME = AccentColor;
				CODE_SIGN_STYLE = Automatic;
				CURRENT_PROJECT_VERSION = 1;
				DEVELOPMENT_ASSET_PATHS = "\"biubiubiu Watch App/Preview Content\"";
				DEVELOPMENT_TEAM = QTD33HXD54;
				ENABLE_PREVIEWS = YES;
				GENERATE_INFOPLIST_FILE = YES;
				INFOPLIST_KEY_CFBundleDisplayName = biubiubiu;
				INFOPLIST_KEY_UISupportedInterfaceOrientations = "UIInterfaceOrientationPortrait UIInterfaceOrientationPortraitUpsideDown";
				INFOPLIST_KEY_WKCompanionAppBundleIdentifier = lismin.biubiubiu;
				LD_RUNPATH_SEARCH_PATHS = (
					"$(inherited)",
					"@executable_path/Frameworks",
				);
				MARKETING_VERSION = 1.0;
				PRODUCT_BUNDLE_IDENTIFIER = lismin.biubiubiu.watchkitapp;
				PRODUCT_NAME = "$(TARGET_NAME)";
				SDKROOT = watchos;
				SKIP_INSTALL = YES;
				SWIFT_EMIT_LOC_STRINGS = YES;
				SWIFT_VERSION = 5.0;
				TARGETED_DEVICE_FAMILY = 4;
				VALIDATE_PRODUCT = YES;
				WATCHOS_DEPLOYMENT_TARGET = 10.5;
			};
			name = Release;
		};
		CF3C4A6A2D127DBC004A7A2F /* Debug */ = {
			isa = XCBuildConfiguration;
			buildSettings = {
				ALWAYS_EMBED_SWIFT_STANDARD_LIBRARIES = YES;
				ASSETCATALOG_COMPILER_APPICON_NAME = AppIcon;
				ASSETCATALOG_COMPILER_GLOBAL_ACCENT_COLOR_NAME = AccentColor;
				CODE_SIGN_STYLE = Automatic;
				CURRENT_PROJECT_VERSION = 1;
				DEVELOPMENT_ASSET_PATHS = "\"biubiubiu/Preview Content\"";
				DEVELOPMENT_TEAM = QTD33HXD54;
				ENABLE_PREVIEWS = YES;
				GENERATE_INFOPLIST_FILE = YES;
				INFOPLIST_KEY_CFBundleDisplayName = biubiubiu;
				INFOPLIST_KEY_UIApplicationSceneManifest_Generation = YES;
				INFOPLIST_KEY_UIApplicationSupportsIndirectInputEvents = YES;
				INFOPLIST_KEY_UILaunchScreen_Generation = YES;
				INFOPLIST_KEY_UISupportedInterfaceOrientations_iPad = "UIInterfaceOrientationPortrait UIInterfaceOrientationPortraitUpsideDown UIInterfaceOrientationLandscapeLeft UIInterfaceOrientationLandscapeRight";
				INFOPLIST_KEY_UISupportedInterfaceOrientations_iPhone = "UIInterfaceOrientationPortrait UIInterfaceOrientationLandscapeLeft UIInterfaceOrientationLandscapeRight";
				IPHONEOS_DEPLOYMENT_TARGET = 17.0;
				LD_RUNPATH_SEARCH_PATHS = (
					"$(inherited)",
					"@executable_path/Frameworks",
				);
				MARKETING_VERSION = 1.0;
				PRODUCT_BUNDLE_IDENTIFIER = lismin.biubiubiu;
				PRODUCT_NAME = "$(TARGET_NAME)";
				SDKROOT = iphoneos;
				SWIFT_EMIT_LOC_STRINGS = YES;
				SWIFT_VERSION = 5.0;
				TARGETED_DEVICE_FAMILY = "1,2";
			};
			name = Debug;
		};
		CF3C4A6B2D127DBC004A7A2F /* Release */ = {
			isa = XCBuildConfiguration;
			buildSettings = {
				ALWAYS_EMBED_SWIFT_STANDARD_LIBRARIES = YES;
				ASSETCATALOG_COMPILER_APPICON_NAME = AppIcon;
				ASSETCATALOG_COMPILER_GLOBAL_ACCENT_COLOR_NAME = AccentColor;
				CODE_SIGN_STYLE = Automatic;
				CURRENT_PROJECT_VERSION = 1;
				DEVELOPMENT_ASSET_PATHS = "\"biubiubiu/Preview Content\"";
				DEVELOPMENT_TEAM = QTD33HXD54;
				ENABLE_PREVIEWS = YES;
				GENERATE_INFOPLIST_FILE = YES;
				INFOPLIST_KEY_CFBundleDisplayName = biubiubiu;
				INFOPLIST_KEY_UIApplicationSceneManifest_Generation = YES;
				INFOPLIST_KEY_UIApplicationSupportsIndirectInputEvents = YES;
				INFOPLIST_KEY_UILaunchScreen_Generation = YES;
				INFOPLIST_KEY_UISupportedInterfaceOrientations_iPad = "UIInterfaceOrientationPortrait UIInterfaceOrientationPortraitUpsideDown UIInterfaceOrientationLandscapeLeft UIInterfaceOrientationLandscapeRight";
				INFOPLIST_KEY_UISupportedInterfaceOrientations_iPhone = "UIInterfaceOrientationPortrait UIInterfaceOrientationLandscapeLeft UIInterfaceOrientationLandscapeRight";
				IPHONEOS_DEPLOYMENT_TARGET = 17.0;
				LD_RUNPATH_SEARCH_PATHS = (
					"$(inherited)",
					"@executable_path/Frameworks",
				);
				MARKETING_VERSION = 1.0;
				PRODUCT_BUNDLE_IDENTIFIER = lismin.biubiubiu;
				PRODUCT_NAME = "$(TARGET_NAME)";
				SDKROOT = iphoneos;
				SWIFT_EMIT_LOC_STRINGS = YES;
				SWIFT_VERSION = 5.0;
				TARGETED_DEVICE_FAMILY = "1,2";
				VALIDATE_PRODUCT = YES;
			};
			name = Release;
		};
/* End XCBuildConfiguration section */

/* Begin XCConfigurationList section */
		CF3C4A402D127DB8004A7A2F /* Build configuration list for PBXProject "biubiubiu" */ = {
			isa = XCConfigurationList;
			buildConfigurations = (
				CF3C4A632D127DBC004A7A2F /* Debug */,
				CF3C4A642D127DBC004A7A2F /* Release */,
			);
			defaultConfigurationIsVisible = 0;
			defaultConfigurationName = Release;
		};
		CF3C4A652D127DBC004A7A2F /* Build configuration list for PBXNativeTarget "biubiubiu Watch App" */ = {
			isa = XCConfigurationList;
			buildConfigurations = (
				CF3C4A662D127DBC004A7A2F /* Debug */,
				CF3C4A672D127DBC004A7A2F /* Release */,
			);
			defaultConfigurationIsVisible = 0;
			defaultConfigurationName = Release;
		};
		CF3C4A692D127DBC004A7A2F /* Build configuration list for PBXNativeTarget "biubiubiu" */ = {
			isa = XCConfigurationList;
			buildConfigurations = (
				CF3C4A6A2D127DBC004A7A2F /* Debug */,
				CF3C4A6B2D127DBC004A7A2F /* Release */,
			);
			defaultConfigurationIsVisible = 0;
			defaultConfigurationName = Release;
		};
/* End XCConfigurationList section */
	};
	rootObject = CF3C4A3D2D127DB8004A7A2F /* Project object */;
}
